
Microsoft Visual Studio Solution File, Format Version 12.00
# Visual Studio Version 17
VisualStudioVersion = 17.4.33122.133
MinimumVisualStudioVersion = 10.0.40219.1
Project("{FAE04EC0-301F-11D3-BF4B-00C04F79EFBC}") = "Assignment 4", "Assignment 4\Assignment 4.csproj", "{B8EB833B-9098-4E41-AD40-E82255A718E1}"
EndProject
Global
	GlobalSection(SolutionConfigurationPlatforms) = preSolution
		Debug|Any CPU = Debug|Any CPU
		Release|Any CPU = Release|Any CPU
	EndGlobalSection
	GlobalSection(ProjectConfigurationPlatforms) = postSolution
		{B8EB833B-9098-4E41-AD40-E82255A718E1}.Debug|Any CPU.ActiveCfg = Debug|Any CPU
		{B8EB833B-9098-4E41-AD40-E82255A718E1}.Debug|Any CPU.Build.0 = Debug|Any CPU
		{B8EB833B-9098-4E41-AD40-E82255A718E1}.Release|Any CPU.ActiveCfg = Release|Any CPU
		{B8EB833B-9098-4E41-AD40-E82255A718E1}.Release|Any CPU.Build.0 = Release|Any CPU
	EndGlobalSection
	GlobalSection(SolutionProperties) = preSolution
		HideSolutionNode = FALSE
	EndGlobalSection
	GlobalSection(ExtensibilityGlobals) = postSolution
		SolutionGuid = {683C52BF-08A4-4277-A02E-F0E56B7BFE28}
	EndGlobalSection
EndGlobal
